{
  "nodes": {
    "home-manager": {
      "inputs": {
        "nixpkgs": [
          "nixpkgs"
        ]
      },
      "locked": {
        "lastModified": 1750713626,
        "narHash": "sha256-uM+hqdMxp+H53d8R7EHn2yY+nLNGgg59pdipIgCZ5yY=",
        "owner": "nix-community",
        "repo": "home-manager",
        "rev": "86402a17b6c67b07c5536354da5d56c14196de46",
        "type": "github"
      },
      "original": {
        "owner": "nix-community",
        "repo": "home-manager",
        "type": "github"
      }
    },
    "nil-flake": {
      "inputs": {
        "nixpkgs": "nixpkgs"
      },
      "locked": {
        "lastModified": 1750558251,
        "narHash": "sha256-wmb+kcqG05jQA2RPq+KZhOeCxSEOAgumgp/remOsczs=",
        "owner": "oxalica",
        "repo": "nil",
        "rev": "4e5ac6ec65c775fbc6adba1c6022b29c7eccde0f",
        "type": "github"
      },
      "original": {
        "owner": "oxalica",
        "repo": "nil",
        "type": "github"
      }
    },
    "nix-darwin": {
      "inputs": {
        "nixpkgs": [
          "nixpkgs"
        ]
      },
      "locked": {
        "lastModified": 1750618568,
        "narHash": "sha256-w9EG5FOXrjXGfbqCcQg9x1lMnTwzNDW5BMXp8ddy15E=",
        "owner": "LnL7",
        "repo": "nix-darwin",
        "rev": "1dd19f19e4b53a1fd2e8e738a08dd5fe635ec7e5",
        "type": "github"
      },
      "original": {
        "owner": "LnL7",
        "repo": "nix-darwin",
        "type": "github"
      }
    },
    "nix-index-database": {
      "inputs": {
        "nixpkgs": [
          "nixpkgs"
        ]
      },
      "locked": {
        "lastModified": 1750565152,
        "narHash": "sha256-A6ZIoIgaPPkzIVxKuaxwEJicPOeTwC/MD9iuC3FVhDM=",
        "owner": "nix-community",
        "repo": "nix-index-database",
        "rev": "78cd697acc2e492b4e92822a4913ffad279c20e6",
        "type": "github"
      },
      "original": {
        "owner": "nix-community",
        "repo": "nix-index-database",
        "type": "github"
      }
    },
    "nixos-avf": {
      "locked": {
        "lastModified": 1750534406,
        "narHash": "sha256-j779gJoRf08Ejoh4/oMrcnSxW/JKyeDJwtSbLZJPNNI=",
        "owner": "nix-community",
        "repo": "nixos-avf",
        "rev": "3084090727dfdce21a733b995facda7b57f50f5e",
        "type": "github"
      },
      "original": {
        "owner": "nix-community",
        "repo": "nixos-avf",
        "type": "github"
      }
    },
    "nixos-hardware": {
      "locked": {
        "lastModified": 1750431636,
        "narHash": "sha256-vnzzBDbCGvInmfn2ijC4HsIY/3W1CWbwS/YQoFgdgPg=",
        "owner": "NixOS",
        "repo": "nixos-hardware",
        "rev": "1552a9f4513f3f0ceedcf90320e48d3d47165712",
        "type": "github"
      },
      "original": {
        "owner": "NixOS",
        "ref": "master",
        "repo": "nixos-hardware",
        "type": "github"
      }
    },
    "nixpkgs": {
      "locked": {
        "lastModified": 1749619289,
        "narHash": "sha256-qX6gXVjaCXXbcn6A9eSLUf8Fm07MgPGe5ir3++y2O1Q=",
        "owner": "NixOS",
        "repo": "nixpkgs",
        "rev": "f72be405a10668b8b00937b452f2145244103ebc",
        "type": "github"
      },
      "original": {
        "owner": "NixOS",
        "ref": "nixpkgs-unstable",
        "repo": "nixpkgs",
        "type": "github"
      }
    },
    "nixpkgs_2": {
      "locked": {
        "lastModified": 1750605355,
        "narHash": "sha256-xT8cPLTxlktxI9vSdoBlAVK7dXgd8IK59j7ZwzkkhnI=",
        "owner": "nixos",
        "repo": "nixpkgs",
        "rev": "3078b9a9e75f1790e6d6ef9955fdc6a2d1740cc6",
        "type": "github"
      },
      "original": {
        "owner": "nixos",
        "ref": "nixpkgs-unstable",
        "repo": "nixpkgs",
        "type": "github"
      }
    },
    "root": {
      "inputs": {
        "home-manager": "home-manager",
        "nil-flake": "nil-flake",
        "nix-darwin": "nix-darwin",
        "nix-index-database": "nix-index-database",
        "nixos-avf": "nixos-avf",
        "nixos-hardware": "nixos-hardware",
        "nixpkgs": "nixpkgs_2",
        "srvos": "srvos"
      }
    },
    "srvos": {
      "inputs": {
        "nixpkgs": [
          "nixpkgs"
        ]
      },
      "locked": {
        "lastModified": 1750641062,
        "narHash": "sha256-BlsBuLi1YxJyYQFmSUesBZaMmPnfTzI2WbZhAbc20z8=",
        "owner": "nix-community",
        "repo": "srvos",
        "rev": "59e4d88787de0a2bdc58854566ab90419de73a06",
        "type": "github"
      },
      "original": {
        "owner": "nix-community",
        "repo": "srvos",
        "type": "github"
      }
    }
  },
  "root": "root",
  "version": 7
}
